// !$*UTF8*$!
{
	archiveVersion = 1;
	classes = {
	};
	objectVersion = 50;
	objects = {

/* Begin PBXBuildFile section */
		C369A66F2406C4D100CB6E79 /* DataObjects.swift in Sources */ = {isa = PBXBuildFile; fileRef = C369A66E2406C4D100CB6E79 /* DataObjects.swift */; };
		C369A6712406C58C00CB6E79 /* RequestServices.swift in Sources */ = {isa = PBXBuildFile; fileRef = C369A6702406C58C00CB6E79 /* RequestServices.swift */; };
		C369A6752406C79800CB6E79 /* HomeMasterView.swift in Sources */ = {isa = PBXBuildFile; fileRef = C369A6742406C79800CB6E79 /* HomeMasterView.swift */; };
		C369A6772406C80F00CB6E79 /* ArticlesView.swift in Sources */ = {isa = PBXBuildFile; fileRef = C369A6762406C80F00CB6E79 /* ArticlesView.swift */; };
		C369A6792406C87100CB6E79 /* ArticleView.swift in Sources */ = {isa = PBXBuildFile; fileRef = C369A6782406C87100CB6E79 /* ArticleView.swift */; };
		C369A67C2406C92B00CB6E79 /* ImageModel.swift in Sources */ = {isa = PBXBuildFile; fileRef = C369A67B2406C92B00CB6E79 /* ImageModel.swift */; };
		C369A67E2406C9A600CB6E79 /* UrlImageView.swift in Sources */ = {isa = PBXBuildFile; fileRef = C369A67D2406C9A600CB6E79 /* UrlImageView.swift */; };
		C369A6802406E4F900CB6E79 /* DateModel.swift in Sources */ = {isa = PBXBuildFile; fileRef = C369A67F2406E4F900CB6E79 /* DateModel.swift */; };
		C369A68424075A0D00CB6E79 /* RegistrationView.swift in Sources */ = {isa = PBXBuildFile; fileRef = C369A68324075A0D00CB6E79 /* RegistrationView.swift */; };
		C369A686240ACA8700CB6E79 /* WordView.swift in Sources */ = {isa = PBXBuildFile; fileRef = C369A685240ACA8700CB6E79 /* WordView.swift */; };
		C369A688240B34F000CB6E79 /* PrizesView.swift in Sources */ = {isa = PBXBuildFile; fileRef = C369A687240B34F000CB6E79 /* PrizesView.swift */; };
		C369A68A240B478400CB6E79 /* PublicRelationsView.swift in Sources */ = {isa = PBXBuildFile; fileRef = C369A689240B478400CB6E79 /* PublicRelationsView.swift */; };
		C369A68C240C8BF000CB6E79 /* PublicRelationInfoView.swift in Sources */ = {isa = PBXBuildFile; fileRef = C369A68B240C8BF000CB6E79 /* PublicRelationInfoView.swift */; };
		C369A68E240F2F7700CB6E79 /* SupervisionView.swift in Sources */ = {isa = PBXBuildFile; fileRef = C369A68D240F2F7700CB6E79 /* SupervisionView.swift */; };
		C369A6902411D33B00CB6E79 /* SupervisionListView.swift in Sources */ = {isa = PBXBuildFile; fileRef = C369A68F2411D33B00CB6E79 /* SupervisionListView.swift */; };
		C369A6922411D5C500CB6E79 /* SupervisionInfoView.swift in Sources */ = {isa = PBXBuildFile; fileRef = C369A6912411D5C500CB6E79 /* SupervisionInfoView.swift */; };
		C369A6942411E33C00CB6E79 /* SupervisionTeamView.swift in Sources */ = {isa = PBXBuildFile; fileRef = C369A6932411E33C00CB6E79 /* SupervisionTeamView.swift */; };
		C369A6962414813900CB6E79 /* SupervisionPlanListView.swift in Sources */ = {isa = PBXBuildFile; fileRef = C369A6952414813900CB6E79 /* SupervisionPlanListView.swift */; };
		C369A6982414862B00CB6E79 /* PlanInfoView.swift in Sources */ = {isa = PBXBuildFile; fileRef = C369A6972414862B00CB6E79 /* PlanInfoView.swift */; };
		C369A69A2415DFD600CB6E79 /* ComprehensiveView.swift in Sources */ = {isa = PBXBuildFile; fileRef = C369A6992415DFD600CB6E79 /* ComprehensiveView.swift */; };
		C3A039DC23FFA840002BBE36 /* AppDelegate.swift in Sources */ = {isa = PBXBuildFile; fileRef = C3A039DB23FFA840002BBE36 /* AppDelegate.swift */; };
		C3A039DE23FFA840002BBE36 /* SceneDelegate.swift in Sources */ = {isa = PBXBuildFile; fileRef = C3A039DD23FFA840002BBE36 /* SceneDelegate.swift */; };
		C3A039E023FFA840002BBE36 /* ContentView.swift in Sources */ = {isa = PBXBuildFile; fileRef = C3A039DF23FFA840002BBE36 /* ContentView.swift */; };
		C3A039E223FFA845002BBE36 /* Assets.xcassets in Resources */ = {isa = PBXBuildFile; fileRef = C3A039E123FFA845002BBE36 /* Assets.xcassets */; };
		C3A039E523FFA845002BBE36 /* Preview Assets.xcassets in Resources */ = {isa = PBXBuildFile; fileRef = C3A039E423FFA845002BBE36 /* Preview Assets.xcassets */; };
		C3A039E823FFA845002BBE36 /* LaunchScreen.storyboard in Resources */ = {isa = PBXBuildFile; fileRef = C3A039E623FFA845002BBE36 /* LaunchScreen.storyboard */; };
		C3A039F023FFA900002BBE36 /* SliderMenu.swift in Sources */ = {isa = PBXBuildFile; fileRef = C3A039EF23FFA900002BBE36 /* SliderMenu.swift */; };
		C3A039F223FFA943002BBE36 /* PrimarySchoolSliderMenu.swift in Sources */ = {isa = PBXBuildFile; fileRef = C3A039F123FFA943002BBE36 /* PrimarySchoolSliderMenu.swift */; };
/* End PBXBuildFile section */

/* Begin PBXFileReference section */
		C369A66E2406C4D100CB6E79 /* DataObjects.swift */ = {isa = PBXFileReference; lastKnownFileType = sourcecode.swift; path = DataObjects.swift; sourceTree = "<group>"; };
		C369A6702406C58C00CB6E79 /* RequestServices.swift */ = {isa = PBXFileReference; lastKnownFileType = sourcecode.swift; path = RequestServices.swift; sourceTree = "<group>"; };
		C369A6742406C79800CB6E79 /* HomeMasterView.swift */ = {isa = PBXFileReference; lastKnownFileType = sourcecode.swift; path = HomeMasterView.swift; sourceTree = "<group>"; };
		C369A6762406C80F00CB6E79 /* ArticlesView.swift */ = {isa = PBXFileReference; lastKnownFileType = sourcecode.swift; path = ArticlesView.swift; sourceTree = "<group>"; };
		C369A6782406C87100CB6E79 /* ArticleView.swift */ = {isa = PBXFileReference; lastKnownFileType = sourcecode.swift; path = ArticleView.swift; sourceTree = "<group>"; };
		C369A67B2406C92B00CB6E79 /* ImageModel.swift */ = {isa = PBXFileReference; lastKnownFileType = sourcecode.swift; path = ImageModel.swift; sourceTree = "<group>"; };
		C369A67D2406C9A600CB6E79 /* UrlImageView.swift */ = {isa = PBXFileReference; lastKnownFileType = sourcecode.swift; path = UrlImageView.swift; sourceTree = "<group>"; };
		C369A67F2406E4F900CB6E79 /* DateModel.swift */ = {isa = PBXFileReference; lastKnownFileType = sourcecode.swift; path = DateModel.swift; sourceTree = "<group>"; };
		C369A68324075A0D00CB6E79 /* RegistrationView.swift */ = {isa = PBXFileReference; lastKnownFileType = sourcecode.swift; path = RegistrationView.swift; sourceTree = "<group>"; };
		C369A685240ACA8700CB6E79 /* WordView.swift */ = {isa = PBXFileReference; lastKnownFileType = sourcecode.swift; path = WordView.swift; sourceTree = "<group>"; };
		C369A687240B34F000CB6E79 /* PrizesView.swift */ = {isa = PBXFileReference; lastKnownFileType = sourcecode.swift; path = PrizesView.swift; sourceTree = "<group>"; };
		C369A689240B478400CB6E79 /* PublicRelationsView.swift */ = {isa = PBXFileReference; lastKnownFileType = sourcecode.swift; path = PublicRelationsView.swift; sourceTree = "<group>"; };
		C369A68B240C8BF000CB6E79 /* PublicRelationInfoView.swift */ = {isa = PBXFileReference; lastKnownFileType = sourcecode.swift; path = PublicRelationInfoView.swift; sourceTree = "<group>"; };
		C369A68D240F2F7700CB6E79 /* SupervisionView.swift */ = {isa = PBXFileReference; lastKnownFileType = sourcecode.swift; path = SupervisionView.swift; sourceTree = "<group>"; };
		C369A68F2411D33B00CB6E79 /* SupervisionListView.swift */ = {isa = PBXFileReference; lastKnownFileType = sourcecode.swift; path = SupervisionListView.swift; sourceTree = "<group>"; };
		C369A6912411D5C500CB6E79 /* SupervisionInfoView.swift */ = {isa = PBXFileReference; lastKnownFileType = sourcecode.swift; path = SupervisionInfoView.swift; sourceTree = "<group>"; };
		C369A6932411E33C00CB6E79 /* SupervisionTeamView.swift */ = {isa = PBXFileReference; lastKnownFileType = sourcecode.swift; path = SupervisionTeamView.swift; sourceTree = "<group>"; };
		C369A6952414813900CB6E79 /* SupervisionPlanListView.swift */ = {isa = PBXFileReference; lastKnownFileType = sourcecode.swift; path = SupervisionPlanListView.swift; sourceTree = "<group>"; };
		C369A6972414862B00CB6E79 /* PlanInfoView.swift */ = {isa = PBXFileReference; lastKnownFileType = sourcecode.swift; path = PlanInfoView.swift; sourceTree = "<group>"; };
		C369A6992415DFD600CB6E79 /* ComprehensiveView.swift */ = {isa = PBXFileReference; lastKnownFileType = sourcecode.swift; path = ComprehensiveView.swift; sourceTree = "<group>"; };
		C3A039D823FFA840002BBE36 /* mobden.app */ = {isa = PBXFileReference; explicitFileType = wrapper.application; includeInIndex = 0; path = mobden.app; sourceTree = BUILT_PRODUCTS_DIR; };
		C3A039DB23FFA840002BBE36 /* AppDelegate.swift */ = {isa = PBXFileReference; lastKnownFileType = sourcecode.swift; path = AppDelegate.swift; sourceTree = "<group>"; };
		C3A039DD23FFA840002BBE36 /* SceneDelegate.swift */ = {isa = PBXFileReference; lastKnownFileType = sourcecode.swift; path = SceneDelegate.swift; sourceTree = "<group>"; };
		C3A039DF23FFA840002BBE36 /* ContentView.swift */ = {isa = PBXFileReference; lastKnownFileType = sourcecode.swift; path = ContentView.swift; sourceTree = "<group>"; };
		C3A039E123FFA845002BBE36 /* Assets.xcassets */ = {isa = PBXFileReference; lastKnownFileType = folder.assetcatalog; path = Assets.xcassets; sourceTree = "<group>"; };
		C3A039E423FFA845002BBE36 /* Preview Assets.xcassets */ = {isa = PBXFileReference; lastKnownFileType = folder.assetcatalog; path = "Preview Assets.xcassets"; sourceTree = "<group>"; };
		C3A039E723FFA845002BBE36 /* Base */ = {isa = PBXFileReference; lastKnownFileType = file.storyboard; name = Base; path = Base.lproj/LaunchScreen.storyboard; sourceTree = "<group>"; };
		C3A039E923FFA845002BBE36 /* Info.plist */ = {isa = PBXFileReference; lastKnownFileType = text.plist.xml; path = Info.plist; sourceTree = "<group>"; };
		C3A039EF23FFA900002BBE36 /* SliderMenu.swift */ = {isa = PBXFileReference; lastKnownFileType = sourcecode.swift; path = SliderMenu.swift; sourceTree = "<group>"; };
		C3A039F123FFA943002BBE36 /* PrimarySchoolSliderMenu.swift */ = {isa = PBXFileReference; lastKnownFileType = sourcecode.swift; path = PrimarySchoolSliderMenu.swift; sourceTree = "<group>"; };
/* End PBXFileReference section */

/* Begin PBXFrameworksBuildPhase section */
		C3A039D523FFA840002BBE36 /* Frameworks */ = {
			isa = PBXFrameworksBuildPhase;
			buildActionMask = 2147483647;
			files = (
			);
			runOnlyForDeploymentPostprocessing = 0;
		};
/* End PBXFrameworksBuildPhase section */

/* Begin PBXGroup section */
		C369A66B2406C40200CB6E79 /* Views */ = {
			isa = PBXGroup;
			children = (
				C369A6742406C79800CB6E79 /* HomeMasterView.swift */,
				C369A6762406C80F00CB6E79 /* ArticlesView.swift */,
				C369A6782406C87100CB6E79 /* ArticleView.swift */,
				C369A67D2406C9A600CB6E79 /* UrlImageView.swift */,
				C369A68324075A0D00CB6E79 /* RegistrationView.swift */,
				C369A685240ACA8700CB6E79 /* WordView.swift */,
				C369A687240B34F000CB6E79 /* PrizesView.swift */,
				C369A689240B478400CB6E79 /* PublicRelationsView.swift */,
				C369A68B240C8BF000CB6E79 /* PublicRelationInfoView.swift */,
				C369A68D240F2F7700CB6E79 /* SupervisionView.swift */,
				C369A68F2411D33B00CB6E79 /* SupervisionListView.swift */,
				C369A6912411D5C500CB6E79 /* SupervisionInfoView.swift */,
				C369A6932411E33C00CB6E79 /* SupervisionTeamView.swift */,
				C369A6952414813900CB6E79 /* SupervisionPlanListView.swift */,
				C369A6972414862B00CB6E79 /* PlanInfoView.swift */,
				C369A6992415DFD600CB6E79 /* ComprehensiveView.swift */,
			);
			path = Views;
			sourceTree = "<group>";
		};
		C369A66C2406C42800CB6E79 /* Server */ = {
			isa = PBXGroup;
			children = (
				C369A6702406C58C00CB6E79 /* RequestServices.swift */,
			);
			path = Server;
			sourceTree = "<group>";
		};
		C369A66D2406C4A000CB6E79 /* DataObject */ = {
			isa = PBXGroup;
			children = (
				C369A66E2406C4D100CB6E79 /* DataObjects.swift */,
			);
			path = DataObject;
			sourceTree = "<group>";
		};
		C369A67A2406C8EF00CB6E79 /* Handler */ = {
			isa = PBXGroup;
			children = (
				C369A67B2406C92B00CB6E79 /* ImageModel.swift */,
				C369A67F2406E4F900CB6E79 /* DateModel.swift */,
			);
			path = Handler;
			sourceTree = "<group>";
		};
		C3A039CF23FFA840002BBE36 = {
			isa = PBXGroup;
			children = (
				C3A039DA23FFA840002BBE36 /* mobden */,
				C3A039D923FFA840002BBE36 /* Products */,
			);
			sourceTree = "<group>";
		};
		C3A039D923FFA840002BBE36 /* Products */ = {
			isa = PBXGroup;
			children = (
				C3A039D823FFA840002BBE36 /* mobden.app */,
			);
			name = Products;
			sourceTree = "<group>";
		};
		C3A039DA23FFA840002BBE36 /* mobden */ = {
			isa = PBXGroup;
			children = (
				C369A67A2406C8EF00CB6E79 /* Handler */,
				C369A66D2406C4A000CB6E79 /* DataObject */,
				C369A66C2406C42800CB6E79 /* Server */,
				C369A66B2406C40200CB6E79 /* Views */,
				C3A039DB23FFA840002BBE36 /* AppDelegate.swift */,
				C3A039DD23FFA840002BBE36 /* SceneDelegate.swift */,
				C3A039DF23FFA840002BBE36 /* ContentView.swift */,
				C3A039E123FFA845002BBE36 /* Assets.xcassets */,
				C3A039E623FFA845002BBE36 /* LaunchScreen.storyboard */,
				C3A039E923FFA845002BBE36 /* Info.plist */,
				C3A039E323FFA845002BBE36 /* Preview Content */,
				C3A039EF23FFA900002BBE36 /* SliderMenu.swift */,
				C3A039F123FFA943002BBE36 /* PrimarySchoolSliderMenu.swift */,
			);
			path = mobden;
			sourceTree = "<group>";
		};
		C3A039E323FFA845002BBE36 /* Preview Content */ = {
			isa = PBXGroup;
			children = (
				C3A039E423FFA845002BBE36 /* Preview Assets.xcassets */,
			);
			path = "Preview Content";
			sourceTree = "<group>";
		};
/* End PBXGroup section */

/* Begin PBXNativeTarget section */
		C3A039D723FFA840002BBE36 /* mobden */ = {
			isa = PBXNativeTarget;
			buildConfigurationList = C3A039EC23FFA845002BBE36 /* Build configuration list for PBXNativeTarget "mobden" */;
			buildPhases = (
				C3A039D423FFA840002BBE36 /* Sources */,
				C3A039D523FFA840002BBE36 /* Frameworks */,
				C3A039D623FFA840002BBE36 /* Resources */,
			);
			buildRules = (
			);
			dependencies = (
			);
			name = mobden;
			productName = mobden;
			productReference = C3A039D823FFA840002BBE36 /* mobden.app */;
			productType = "com.apple.product-type.application";
		};
/* End PBXNativeTarget section */

/* Begin PBXProject section */
		C3A039D023FFA840002BBE36 /* Project object */ = {
			isa = PBXProject;
			attributes = {
				LastSwiftUpdateCheck = 1130;
				LastUpgradeCheck = 1130;
				ORGANIZATIONNAME = motaz;
				TargetAttributes = {
					C3A039D723FFA840002BBE36 = {
						CreatedOnToolsVersion = 11.3.1;
					};
				};
			};
			buildConfigurationList = C3A039D323FFA840002BBE36 /* Build configuration list for PBXProject "mobden" */;
			compatibilityVersion = "Xcode 9.3";
			developmentRegion = en;
			hasScannedForEncodings = 0;
			knownRegions = (
				en,
				Base,
			);
			mainGroup = C3A039CF23FFA840002BBE36;
			productRefGroup = C3A039D923FFA840002BBE36 /* Products */;
			projectDirPath = "";
			projectRoot = "";
			targets = (
				C3A039D723FFA840002BBE36 /* mobden */,
			);
		};
/* End PBXProject section */

/* Begin PBXResourcesBuildPhase section */
		C3A039D623FFA840002BBE36 /* Resources */ = {
			isa = PBXResourcesBuildPhase;
			buildActionMask = 2147483647;
			files = (
				C3A039E823FFA845002BBE36 /* LaunchScreen.storyboard in Resources */,
				C3A039E523FFA845002BBE36 /* Preview Assets.xcassets in Resources */,
				C3A039E223FFA845002BBE36 /* Assets.xcassets in Resources */,
			);
			runOnlyForDeploymentPostprocessing = 0;
		};
/* End PBXResourcesBuildPhase section */

/* Begin PBXSourcesBuildPhase section */
		C3A039D423FFA840002BBE36 /* Sources */ = {
			isa = PBXSourcesBuildPhase;
			buildActionMask = 2147483647;
			files = (
				C369A67C2406C92B00CB6E79 /* ImageModel.swift in Sources */,
				C3A039DC23FFA840002BBE36 /* AppDelegate.swift in Sources */,
				C369A6982414862B00CB6E79 /* PlanInfoView.swift in Sources */,
				C369A67E2406C9A600CB6E79 /* UrlImageView.swift in Sources */,
				C369A68A240B478400CB6E79 /* PublicRelationsView.swift in Sources */,
				C369A688240B34F000CB6E79 /* PrizesView.swift in Sources */,
				C369A68424075A0D00CB6E79 /* RegistrationView.swift in Sources */,
				C369A6962414813900CB6E79 /* SupervisionPlanListView.swift in Sources */,
				C369A6802406E4F900CB6E79 /* DateModel.swift in Sources */,
				C369A68E240F2F7700CB6E79 /* SupervisionView.swift in Sources */,
				C369A68C240C8BF000CB6E79 /* PublicRelationInfoView.swift in Sources */,
				C369A69A2415DFD600CB6E79 /* ComprehensiveView.swift in Sources */,
				C3A039DE23FFA840002BBE36 /* SceneDelegate.swift in Sources */,
				C369A6712406C58C00CB6E79 /* RequestServices.swift in Sources */,
				C369A6772406C80F00CB6E79 /* ArticlesView.swift in Sources */,
				C3A039E023FFA840002BBE36 /* ContentView.swift in Sources */,
				C3A039F023FFA900002BBE36 /* SliderMenu.swift in Sources */,
				C369A6902411D33B00CB6E79 /* SupervisionListView.swift in Sources */,
				C369A66F2406C4D100CB6E79 /* DataObjects.swift in Sources */,
				C369A6922411D5C500CB6E79 /* SupervisionInfoView.swift in Sources */,
				C369A686240ACA8700CB6E79 /* WordView.swift in Sources */,
				C369A6792406C87100CB6E79 /* ArticleView.swift in Sources */,
				C369A6942411E33C00CB6E79 /* SupervisionTeamView.swift in Sources */,
				C3A039F223FFA943002BBE36 /* PrimarySchoolSliderMenu.swift in Sources */,
				C369A6752406C79800CB6E79 /* HomeMasterView.swift in Sources */,
			);
			runOnlyForDeploymentPostprocessing = 0;
		};
/* End PBXSourcesBuildPhase section */

/* Begin PBXVariantGroup section */
		C3A039E623FFA845002BBE36 /* LaunchScreen.storyboard */ = {
			isa = PBXVariantGroup;
			children = (
				C3A039E723FFA845002BBE36 /* Base */,
			);
			name = LaunchScreen.storyboard;
			sourceTree = "<group>";
		};
/* End PBXVariantGroup section */

/* Begin XCBuildConfiguration section */
		C3A039EA23FFA845002BBE36 /* Debug */ = {
			isa = XCBuildConfiguration;
			buildSettings = {
				ALWAYS_SEARCH_USER_PATHS = NO;
				CLANG_ANALYZER_NONNULL = YES;
				CLANG_ANALYZER_NUMBER_OBJECT_CONVERSION = YES_AGGRESSIVE;
				CLANG_CXX_LANGUAGE_STANDARD = "gnu++14";
				CLANG_CXX_LIBRARY = "libc++";
				CLANG_ENABLE_MODULES = YES;
				CLANG_ENABLE_OBJC_ARC = YES;
				CLANG_ENABLE_OBJC_WEAK = YES;
				CLANG_WARN_BLOCK_CAPTURE_AUTORELEASING = YES;
				CLANG_WARN_BOOL_CONVERSION = YES;
				CLANG_WARN_COMMA = YES;
				CLANG_WARN_CONSTANT_CONVERSION = YES;
				CLANG_WARN_DEPRECATED_OBJC_IMPLEMENTATIONS = YES;
				CLANG_WARN_DIRECT_OBJC_ISA_USAGE = YES_ERROR;
				CLANG_WARN_DOCUMENTATION_COMMENTS = YES;
				CLANG_WARN_EMPTY_BODY = YES;
				CLANG_WARN_ENUM_CONVERSION = YES;
				CLANG_WARN_INFINITE_RECURSION = YES;
				CLANG_WARN_INT_CONVERSION = YES;
				CLANG_WARN_NON_LITERAL_NULL_CONVERSION = YES;
				CLANG_WARN_OBJC_IMPLICIT_RETAIN_SELF = YES;
				CLANG_WARN_OBJC_LITERAL_CONVERSION = YES;
				CLANG_WARN_OBJC_ROOT_CLASS = YES_ERROR;
				CLANG_WARN_RANGE_LOOP_ANALYSIS = YES;
				CLANG_WARN_STRICT_PROTOTYPES = YES;
				CLANG_WARN_SUSPICIOUS_MOVE = YES;
				CLANG_WARN_UNGUARDED_AVAILABILITY = YES_AGGRESSIVE;
				CLANG_WARN_UNREACHABLE_CODE = YES;
				CLANG_WARN__DUPLICATE_METHOD_MATCH = YES;
				COPY_PHASE_STRIP = NO;
				DEBUG_INFORMATION_FORMAT = dwarf;
				ENABLE_STRICT_OBJC_MSGSEND = YES;
				ENABLE_TESTABILITY = YES;
				GCC_C_LANGUAGE_STANDARD = gnu11;
				GCC_DYNAMIC_NO_PIC = NO;
				GCC_NO_COMMON_BLOCKS = YES;
				GCC_OPTIMIZATION_LEVEL = 0;
				GCC_PREPROCESSOR_DEFINITIONS = (
					"DEBUG=1",
					"$(inherited)",
				);
				GCC_WARN_64_TO_32_BIT_CONVERSION = YES;
				GCC_WARN_ABOUT_RETURN_TYPE = YES_ERROR;
				GCC_WARN_UNDECLARED_SELECTOR = YES;
				GCC_WARN_UNINITIALIZED_AUTOS = YES_AGGRESSIVE;
				GCC_WARN_UNUSED_FUNCTION = YES;
				GCC_WARN_UNUSED_VARIABLE = YES;
				IPHONEOS_DEPLOYMENT_TARGET = 13.2;
				MTL_ENABLE_DEBUG_INFO = INCLUDE_SOURCE;
				MTL_FAST_MATH = YES;
				ONLY_ACTIVE_ARCH = YES;
				SDKROOT = iphoneos;
				SWIFT_ACTIVE_COMPILATION_CONDITIONS = DEBUG;
				SWIFT_OPTIMIZATION_LEVEL = "-Onone";
			};
			name = Debug;
		};
		C3A039EB23FFA845002BBE36 /* Release */ = {
			isa = XCBuildConfiguration;
			buildSettings = {
				ALWAYS_SEARCH_USER_PATHS = NO;
				CLANG_ANALYZER_NONNULL = YES;
				CLANG_ANALYZER_NUMBER_OBJECT_CONVERSION = YES_AGGRESSIVE;
				CLANG_CXX_LANGUAGE_STANDARD = "gnu++14";
				CLANG_CXX_LIBRARY = "libc++";
				CLANG_ENABLE_MODULES = YES;
				CLANG_ENABLE_OBJC_ARC = YES;
				CLANG_ENABLE_OBJC_WEAK = YES;
				CLANG_WARN_BLOCK_CAPTURE_AUTORELEASING = YES;
				CLANG_WARN_BOOL_CONVERSION = YES;
				CLANG_WARN_COMMA = YES;
				CLANG_WARN_CONSTANT_CONVERSION = YES;
				CLANG_WARN_DEPRECATED_OBJC_IMPLEMENTATIONS = YES;
				CLANG_WARN_DIRECT_OBJC_ISA_USAGE = YES_ERROR;
				CLANG_WARN_DOCUMENTATION_COMMENTS = YES;
				CLANG_WARN_EMPTY_BODY = YES;
				CLANG_WARN_ENUM_CONVERSION = YES;
				CLANG_WARN_INFINITE_RECURSION = YES;
				CLANG_WARN_INT_CONVERSION = YES;
				CLANG_WARN_NON_LITERAL_NULL_CONVERSION = YES;
				CLANG_WARN_OBJC_IMPLICIT_RETAIN_SELF = YES;
				CLANG_WARN_OBJC_LITERAL_CONVERSION = YES;
				CLANG_WARN_OBJC_ROOT_CLASS = YES_ERROR;
				CLANG_WARN_RANGE_LOOP_ANALYSIS = YES;
				CLANG_WARN_STRICT_PROTOTYPES = YES;
				CLANG_WARN_SUSPICIOUS_MOVE = YES;
				CLANG_WARN_UNGUARDED_AVAILABILITY = YES_AGGRESSIVE;
				CLANG_WARN_UNREACHABLE_CODE = YES;
				CLANG_WARN__DUPLICATE_METHOD_MATCH = YES;
				COPY_PHASE_STRIP = NO;
				DEBUG_INFORMATION_FORMAT = "dwarf-with-dsym";
				ENABLE_NS_ASSERTIONS = NO;
				ENABLE_STRICT_OBJC_MSGSEND = YES;
				GCC_C_LANGUAGE_STANDARD = gnu11;
				GCC_NO_COMMON_BLOCKS = YES;
				GCC_WARN_64_TO_32_BIT_CONVERSION = YES;
				GCC_WARN_ABOUT_RETURN_TYPE = YES_ERROR;
				GCC_WARN_UNDECLARED_SELECTOR = YES;
				GCC_WARN_UNINITIALIZED_AUTOS = YES_AGGRESSIVE;
				GCC_WARN_UNUSED_FUNCTION = YES;
				GCC_WARN_UNUSED_VARIABLE = YES;
				IPHONEOS_DEPLOYMENT_TARGET = 13.2;
				MTL_ENABLE_DEBUG_INFO = NO;
				MTL_FAST_MATH = YES;
				SDKROOT = iphoneos;
				SWIFT_COMPILATION_MODE = wholemodule;
				SWIFT_OPTIMIZATION_LEVEL = "-O";
				VALIDATE_PRODUCT = YES;
			};
			name = Release;
		};
		C3A039ED23FFA845002BBE36 /* Debug */ = {
			isa = XCBuildConfiguration;
			buildSettings = {
				ASSETCATALOG_COMPILER_APPICON_NAME = AppIcon;
				CODE_SIGN_STYLE = Automatic;
				DEVELOPMENT_ASSET_PATHS = "\"mobden/Preview Content\"";
				ENABLE_PREVIEWS = YES;
				INFOPLIST_FILE = mobden/Info.plist;
				LD_RUNPATH_SEARCH_PATHS = (
					"$(inherited)",
					"@executable_path/Frameworks",
				);
				PRODUCT_BUNDLE_IDENTIFIER = com.talea.mobden;
				PRODUCT_NAME = "$(TARGET_NAME)";
				SWIFT_VERSION = 5.0;
				TARGETED_DEVICE_FAMILY = "1,2";
			};
			name = Debug;
		};
		C3A039EE23FFA845002BBE36 /* Release */ = {
			isa = XCBuildConfiguration;
			buildSettings = {
				ASSETCATALOG_COMPILER_APPICON_NAME = AppIcon;
				CODE_SIGN_STYLE = Automatic;
				DEVELOPMENT_ASSET_PATHS = "\"mobden/Preview Content\"";
				ENABLE_PREVIEWS = YES;
				INFOPLIST_FILE = mobden/Info.plist;
				LD_RUNPATH_SEARCH_PATHS = (
					"$(inherited)",
					"@executable_path/Frameworks",
				);
				PRODUCT_BUNDLE_IDENTIFIER = com.talea.mobden;
				PRODUCT_NAME = "$(TARGET_NAME)";
				SWIFT_VERSION = 5.0;
				TARGETED_DEVICE_FAMILY = "1,2";
			};
			name = Release;
		};
/* End XCBuildConfiguration section */

/* Begin XCConfigurationList section */
		C3A039D323FFA840002BBE36 /* Build configuration list for PBXProject "mobden" */ = {
			isa = XCConfigurationList;
			buildConfigurations = (
				C3A039EA23FFA845002BBE36 /* Debug */,
				C3A039EB23FFA845002BBE36 /* Release */,
			);
			defaultConfigurationIsVisible = 0;
			defaultConfigurationName = Release;
		};
		C3A039EC23FFA845002BBE36 /* Build configuration list for PBXNativeTarget "mobden" */ = {
			isa = XCConfigurationList;
			buildConfigurations = (
				C3A039ED23FFA845002BBE36 /* Debug */,
				C3A039EE23FFA845002BBE36 /* Release */,
			);
			defaultConfigurationIsVisible = 0;
			defaultConfigurationName = Release;
		};
/* End XCConfigurationList section */
	};
	rootObject = C3A039D023FFA840002BBE36 /* Project object */;
}
